
Microsoft Visual Studio Solution File, Format Version 12.00
# Visual Studio Version 17
VisualStudioVersion = 17.9.34701.34
MinimumVisualStudioVersion = 10.0.40219.1
Project("{FAE04EC0-301F-11D3-BF4B-00C04F79EFBC}") = "TeacherWriteBySabir", "TeacherWriteBySabir\TeacherWriteBySabir.csproj", "{B8F621D6-1B2C-45AB-8BED-728C3D96836C}"
EndProject
Global
	GlobalSection(SolutionConfigurationPlatforms) = preSolution
		Debug|Any CPU = Debug|Any CPU
		Release|Any CPU = Release|Any CPU
	EndGlobalSection
	GlobalSection(ProjectConfigurationPlatforms) = postSolution
		{B8F621D6-1B2C-45AB-8BED-728C3D96836C}.Debug|Any CPU.ActiveCfg = Debug|Any CPU
		{B8F621D6-1B2C-45AB-8BED-728C3D96836C}.Debug|Any CPU.Build.0 = Debug|Any CPU
		{B8F621D6-1B2C-45AB-8BED-728C3D96836C}.Release|Any CPU.ActiveCfg = Release|Any CPU
		{B8F621D6-1B2C-45AB-8BED-728C3D96836C}.Release|Any CPU.Build.0 = Release|Any CPU
	EndGlobalSection
	GlobalSection(SolutionProperties) = preSolution
		HideSolutionNode = FALSE
	EndGlobalSection
	GlobalSection(ExtensibilityGlobals) = postSolution
		SolutionGuid = {EFFA6E42-F6D5-4E83-B98A-9A9137C9AB66}
	EndGlobalSection
EndGlobal
